
Microsoft Visual Studio Solution File, Format Version 12.00
# Visual Studio Version 16
VisualStudioVersion = 16.0.30517.126
MinimumVisualStudioVersion = 10.0.40219.1
Project("{FAE04EC0-301F-11D3-BF4B-00C04F79EFBC}") = "WPFwithEFSampleDF", "WPFwithEFSampleDF.csproj", "{991A38F5-3CAC-4B3E-8066-6D8F0BF64904}"
EndProject
Global
	GlobalSection(SolutionConfigurationPlatforms) = preSolution
		Debug|Any CPU = Debug|Any CPU
		Release|Any CPU = Release|Any CPU
	EndGlobalSection
	GlobalSection(ProjectConfigurationPlatforms) = postSolution
		{991A38F5-3CAC-4B3E-8066-6D8F0BF64904}.Debug|Any CPU.ActiveCfg = Debug|Any CPU
		{991A38F5-3CAC-4B3E-8066-6D8F0BF64904}.Debug|Any CPU.Build.0 = Debug|Any CPU
		{991A38F5-3CAC-4B3E-8066-6D8F0BF64904}.Release|Any CPU.ActiveCfg = Release|Any CPU
		{991A38F5-3CAC-4B3E-8066-6D8F0BF64904}.Release|Any CPU.Build.0 = Release|Any CPU
	EndGlobalSection
	GlobalSection(SolutionProperties) = preSolution
		HideSolutionNode = FALSE
	EndGlobalSection
	GlobalSection(ExtensibilityGlobals) = postSolution
		SolutionGuid = {74DD6C0C-4C25-4569-9C73-7BE76B00D1D7}
	EndGlobalSection
EndGlobal
